// !$*UTF8*$!
{
	archiveVersion = 1;
	classes = {
	};
	objectVersion = 50;
	objects = {

/* Begin PBXBuildFile section */
		63A8B89F2467420200FFF567 /* Person.swift in Sources */ = {isa = PBXBuildFile; fileRef = 63A8B89E2467420200FFF567 /* Person.swift */; };
		63A8B8A224674A1300FFF567 /* SpaceCraftTableViewCell.swift in Sources */ = {isa = PBXBuildFile; fileRef = 63A8B8A124674A1300FFF567 /* SpaceCraftTableViewCell.swift */; };
		63AEE7522467024B00EAFB8B /* APIRequestManager.swift in Sources */ = {isa = PBXBuildFile; fileRef = 63AEE7512467024B00EAFB8B /* APIRequestManager.swift */; };
		63B96A052462267100A5CA69 /* AppDelegate.swift in Sources */ = {isa = PBXBuildFile; fileRef = 63B96A042462267100A5CA69 /* AppDelegate.swift */; };
		63B96A072462267100A5CA69 /* SceneDelegate.swift in Sources */ = {isa = PBXBuildFile; fileRef = 63B96A062462267100A5CA69 /* SceneDelegate.swift */; };
		63B96A092462267100A5CA69 /* ViewController.swift in Sources */ = {isa = PBXBuildFile; fileRef = 63B96A082462267100A5CA69 /* ViewController.swift */; };
		63B96A0C2462267100A5CA69 /* Main.storyboard in Resources */ = {isa = PBXBuildFile; fileRef = 63B96A0A2462267100A5CA69 /* Main.storyboard */; };
		63B96A0E2462267700A5CA69 /* Assets.xcassets in Resources */ = {isa = PBXBuildFile; fileRef = 63B96A0D2462267700A5CA69 /* Assets.xcassets */; };
		63B96A112462267700A5CA69 /* LaunchScreen.storyboard in Resources */ = {isa = PBXBuildFile; fileRef = 63B96A0F2462267700A5CA69 /* LaunchScreen.storyboard */; };
		63B96A1924622CED00A5CA69 /* SpaceCraftResponse.swift in Sources */ = {isa = PBXBuildFile; fileRef = 63B96A1824622CED00A5CA69 /* SpaceCraftResponse.swift */; };
/* End PBXBuildFile section */

/* Begin PBXFileReference section */
		63A8B89E2467420200FFF567 /* Person.swift */ = {isa = PBXFileReference; lastKnownFileType = sourcecode.swift; path = Person.swift; sourceTree = "<group>"; };
		63A8B8A124674A1300FFF567 /* SpaceCraftTableViewCell.swift */ = {isa = PBXFileReference; lastKnownFileType = sourcecode.swift; path = SpaceCraftTableViewCell.swift; sourceTree = "<group>"; };
		63AEE7512467024B00EAFB8B /* APIRequestManager.swift */ = {isa = PBXFileReference; lastKnownFileType = sourcecode.swift; path = APIRequestManager.swift; sourceTree = "<group>"; };
		63B96A012462267100A5CA69 /* interviewtest.app */ = {isa = PBXFileReference; explicitFileType = wrapper.application; includeInIndex = 0; path = interviewtest.app; sourceTree = BUILT_PRODUCTS_DIR; };
		63B96A042462267100A5CA69 /* AppDelegate.swift */ = {isa = PBXFileReference; lastKnownFileType = sourcecode.swift; path = AppDelegate.swift; sourceTree = "<group>"; };
		63B96A062462267100A5CA69 /* SceneDelegate.swift */ = {isa = PBXFileReference; lastKnownFileType = sourcecode.swift; path = SceneDelegate.swift; sourceTree = "<group>"; };
		63B96A082462267100A5CA69 /* ViewController.swift */ = {isa = PBXFileReference; lastKnownFileType = sourcecode.swift; path = ViewController.swift; sourceTree = "<group>"; };
		63B96A0B2462267100A5CA69 /* Base */ = {isa = PBXFileReference; lastKnownFileType = file.storyboard; name = Base; path = Base.lproj/Main.storyboard; sourceTree = "<group>"; };
		63B96A0D2462267700A5CA69 /* Assets.xcassets */ = {isa = PBXFileReference; lastKnownFileType = folder.assetcatalog; path = Assets.xcassets; sourceTree = "<group>"; };
		63B96A102462267700A5CA69 /* Base */ = {isa = PBXFileReference; lastKnownFileType = file.storyboard; name = Base; path = Base.lproj/LaunchScreen.storyboard; sourceTree = "<group>"; };
		63B96A122462267700A5CA69 /* Info.plist */ = {isa = PBXFileReference; lastKnownFileType = text.plist.xml; path = Info.plist; sourceTree = "<group>"; };
		63B96A1824622CED00A5CA69 /* SpaceCraftResponse.swift */ = {isa = PBXFileReference; lastKnownFileType = sourcecode.swift; path = SpaceCraftResponse.swift; sourceTree = "<group>"; };
/* End PBXFileReference section */

/* Begin PBXFrameworksBuildPhase section */
		63B969FE2462267100A5CA69 /* Frameworks */ = {
			isa = PBXFrameworksBuildPhase;
			buildActionMask = 2147483647;
			files = (
			);
			runOnlyForDeploymentPostprocessing = 0;
		};
/* End PBXFrameworksBuildPhase section */

/* Begin PBXGroup section */
		63A8B8A02467421200FFF567 /* Model */ = {
			isa = PBXGroup;
			children = (
				63B96A1824622CED00A5CA69 /* SpaceCraftResponse.swift */,
				63A8B89E2467420200FFF567 /* Person.swift */,
			);
			path = Model;
			sourceTree = "<group>";
		};
		63A8B8A324674A7200FFF567 /* User Interface */ = {
			isa = PBXGroup;
			children = (
				63A8B8A124674A1300FFF567 /* SpaceCraftTableViewCell.swift */,
				63B96A0A2462267100A5CA69 /* Main.storyboard */,
			);
			path = "User Interface";
			sourceTree = "<group>";
		};
		63B969F82462267100A5CA69 = {
			isa = PBXGroup;
			children = (
				63B96A032462267100A5CA69 /* interviewtest */,
				63B96A022462267100A5CA69 /* Products */,
			);
			sourceTree = "<group>";
		};
		63B96A022462267100A5CA69 /* Products */ = {
			isa = PBXGroup;
			children = (
				63B96A012462267100A5CA69 /* interviewtest.app */,
			);
			name = Products;
			sourceTree = "<group>";
		};
		63B96A032462267100A5CA69 /* interviewtest */ = {
			isa = PBXGroup;
			children = (
				63B96A042462267100A5CA69 /* AppDelegate.swift */,
				63B96A062462267100A5CA69 /* SceneDelegate.swift */,
				63B96A082462267100A5CA69 /* ViewController.swift */,
				63AEE7512467024B00EAFB8B /* APIRequestManager.swift */,
				63A8B8A324674A7200FFF567 /* User Interface */,
				63A8B8A02467421200FFF567 /* Model */,
				63B96A0D2462267700A5CA69 /* Assets.xcassets */,
				63B96A0F2462267700A5CA69 /* LaunchScreen.storyboard */,
				63B96A122462267700A5CA69 /* Info.plist */,
			);
			path = interviewtest;
			sourceTree = "<group>";
		};
/* End PBXGroup section */

/* Begin PBXNativeTarget section */
		63B96A002462267100A5CA69 /* interviewtest */ = {
			isa = PBXNativeTarget;
			buildConfigurationList = 63B96A152462267700A5CA69 /* Build configuration list for PBXNativeTarget "interviewtest" */;
			buildPhases = (
				63B969FD2462267100A5CA69 /* Sources */,
				63B969FE2462267100A5CA69 /* Frameworks */,
				63B969FF2462267100A5CA69 /* Resources */,
			);
			buildRules = (
			);
			dependencies = (
			);
			name = interviewtest;
			productName = interviewtest;
			productReference = 63B96A012462267100A5CA69 /* interviewtest.app */;
			productType = "com.apple.product-type.application";
		};
/* End PBXNativeTarget section */

/* Begin PBXProject section */
		63B969F92462267100A5CA69 /* Project object */ = {
			isa = PBXProject;
			attributes = {
				LastSwiftUpdateCheck = 1130;
				LastUpgradeCheck = 1130;
				ORGANIZATIONNAME = "Terry Bu";
				TargetAttributes = {
					63B96A002462267100A5CA69 = {
						CreatedOnToolsVersion = 11.3;
					};
				};
			};
			buildConfigurationList = 63B969FC2462267100A5CA69 /* Build configuration list for PBXProject "interviewtest" */;
			compatibilityVersion = "Xcode 9.3";
			developmentRegion = en;
			hasScannedForEncodings = 0;
			knownRegions = (
				en,
				Base,
			);
			mainGroup = 63B969F82462267100A5CA69;
			productRefGroup = 63B96A022462267100A5CA69 /* Products */;
			projectDirPath = "";
			projectRoot = "";
			targets = (
				63B96A002462267100A5CA69 /* interviewtest */,
			);
		};
/* End PBXProject section */

/* Begin PBXResourcesBuildPhase section */
		63B969FF2462267100A5CA69 /* Resources */ = {
			isa = PBXResourcesBuildPhase;
			buildActionMask = 2147483647;
			files = (
				63B96A112462267700A5CA69 /* LaunchScreen.storyboard in Resources */,
				63B96A0E2462267700A5CA69 /* Assets.xcassets in Resources */,
				63B96A0C2462267100A5CA69 /* Main.storyboard in Resources */,
			);
			runOnlyForDeploymentPostprocessing = 0;
		};
/* End PBXResourcesBuildPhase section */

/* Begin PBXSourcesBuildPhase section */
		63B969FD2462267100A5CA69 /* Sources */ = {
			isa = PBXSourcesBuildPhase;
			buildActionMask = 2147483647;
			files = (
				63A8B89F2467420200FFF567 /* Person.swift in Sources */,
				63B96A092462267100A5CA69 /* ViewController.swift in Sources */,
				63B96A052462267100A5CA69 /* AppDelegate.swift in Sources */,
				63A8B8A224674A1300FFF567 /* SpaceCraftTableViewCell.swift in Sources */,
				63AEE7522467024B00EAFB8B /* APIRequestManager.swift in Sources */,
				63B96A072462267100A5CA69 /* SceneDelegate.swift in Sources */,
				63B96A1924622CED00A5CA69 /* SpaceCraftResponse.swift in Sources */,
			);
			runOnlyForDeploymentPostprocessing = 0;
		};
/* End PBXSourcesBuildPhase section */

/* Begin PBXVariantGroup section */
		63B96A0A2462267100A5CA69 /* Main.storyboard */ = {
			isa = PBXVariantGroup;
			children = (
				63B96A0B2462267100A5CA69 /* Base */,
			);
			name = Main.storyboard;
			sourceTree = "<group>";
		};
		63B96A0F2462267700A5CA69 /* LaunchScreen.storyboard */ = {
			isa = PBXVariantGroup;
			children = (
				63B96A102462267700A5CA69 /* Base */,
			);
			name = LaunchScreen.storyboard;
			sourceTree = "<group>";
		};
/* End PBXVariantGroup section */

/* Begin XCBuildConfiguration section */
		63B96A132462267700A5CA69 /* Debug */ = {
			isa = XCBuildConfiguration;
			buildSettings = {
				ALWAYS_SEARCH_USER_PATHS = NO;
				CLANG_ANALYZER_NONNULL = YES;
				CLANG_ANALYZER_NUMBER_OBJECT_CONVERSION = YES_AGGRESSIVE;
				CLANG_CXX_LANGUAGE_STANDARD = "gnu++14";
				CLANG_CXX_LIBRARY = "libc++";
				CLANG_ENABLE_MODULES = YES;
				CLANG_ENABLE_OBJC_ARC = YES;
				CLANG_ENABLE_OBJC_WEAK = YES;
				CLANG_WARN_BLOCK_CAPTURE_AUTORELEASING = YES;
				CLANG_WARN_BOOL_CONVERSION = YES;
				CLANG_WARN_COMMA = YES;
				CLANG_WARN_CONSTANT_CONVERSION = YES;
				CLANG_WARN_DEPRECATED_OBJC_IMPLEMENTATIONS = YES;
				CLANG_WARN_DIRECT_OBJC_ISA_USAGE = YES_ERROR;
				CLANG_WARN_DOCUMENTATION_COMMENTS = YES;
				CLANG_WARN_EMPTY_BODY = YES;
				CLANG_WARN_ENUM_CONVERSION = YES;
				CLANG_WARN_INFINITE_RECURSION = YES;
				CLANG_WARN_INT_CONVERSION = YES;
				CLANG_WARN_NON_LITERAL_NULL_CONVERSION = YES;
				CLANG_WARN_OBJC_IMPLICIT_RETAIN_SELF = YES;
				CLANG_WARN_OBJC_LITERAL_CONVERSION = YES;
				CLANG_WARN_OBJC_ROOT_CLASS = YES_ERROR;
				CLANG_WARN_RANGE_LOOP_ANALYSIS = YES;
				CLANG_WARN_STRICT_PROTOTYPES = YES;
				CLANG_WARN_SUSPICIOUS_MOVE = YES;
				CLANG_WARN_UNGUARDED_AVAILABILITY = YES_AGGRESSIVE;
				CLANG_WARN_UNREACHABLE_CODE = YES;
				CLANG_WARN__DUPLICATE_METHOD_MATCH = YES;
				COPY_PHASE_STRIP = NO;
				DEBUG_INFORMATION_FORMAT = dwarf;
				ENABLE_STRICT_OBJC_MSGSEND = YES;
				ENABLE_TESTABILITY = YES;
				GCC_C_LANGUAGE_STANDARD = gnu11;
				GCC_DYNAMIC_NO_PIC = NO;
				GCC_NO_COMMON_BLOCKS = YES;
				GCC_OPTIMIZATION_LEVEL = 0;
				GCC_PREPROCESSOR_DEFINITIONS = (
					"DEBUG=1",
					"$(inherited)",
				);
				GCC_WARN_64_TO_32_BIT_CONVERSION = YES;
				GCC_WARN_ABOUT_RETURN_TYPE = YES_ERROR;
				GCC_WARN_UNDECLARED_SELECTOR = YES;
				GCC_WARN_UNINITIALIZED_AUTOS = YES_AGGRESSIVE;
				GCC_WARN_UNUSED_FUNCTION = YES;
				GCC_WARN_UNUSED_VARIABLE = YES;
				IPHONEOS_DEPLOYMENT_TARGET = 13.2;
				MTL_ENABLE_DEBUG_INFO = INCLUDE_SOURCE;
				MTL_FAST_MATH = YES;
				ONLY_ACTIVE_ARCH = YES;
				SDKROOT = iphoneos;
				SWIFT_ACTIVE_COMPILATION_CONDITIONS = DEBUG;
				SWIFT_OPTIMIZATION_LEVEL = "-Onone";
			};
			name = Debug;
		};
		63B96A142462267700A5CA69 /* Release */ = {
			isa = XCBuildConfiguration;
			buildSettings = {
				ALWAYS_SEARCH_USER_PATHS = NO;
				CLANG_ANALYZER_NONNULL = YES;
				CLANG_ANALYZER_NUMBER_OBJECT_CONVERSION = YES_AGGRESSIVE;
				CLANG_CXX_LANGUAGE_STANDARD = "gnu++14";
				CLANG_CXX_LIBRARY = "libc++";
				CLANG_ENABLE_MODULES = YES;
				CLANG_ENABLE_OBJC_ARC = YES;
				CLANG_ENABLE_OBJC_WEAK = YES;
				CLANG_WARN_BLOCK_CAPTURE_AUTORELEASING = YES;
				CLANG_WARN_BOOL_CONVERSION = YES;
				CLANG_WARN_COMMA = YES;
				CLANG_WARN_CONSTANT_CONVERSION = YES;
				CLANG_WARN_DEPRECATED_OBJC_IMPLEMENTATIONS = YES;
				CLANG_WARN_DIRECT_OBJC_ISA_USAGE = YES_ERROR;
				CLANG_WARN_DOCUMENTATION_COMMENTS = YES;
				CLANG_WARN_EMPTY_BODY = YES;
				CLANG_WARN_ENUM_CONVERSION = YES;
				CLANG_WARN_INFINITE_RECURSION = YES;
				CLANG_WARN_INT_CONVERSION = YES;
				CLANG_WARN_NON_LITERAL_NULL_CONVERSION = YES;
				CLANG_WARN_OBJC_IMPLICIT_RETAIN_SELF = YES;
				CLANG_WARN_OBJC_LITERAL_CONVERSION = YES;
				CLANG_WARN_OBJC_ROOT_CLASS = YES_ERROR;
				CLANG_WARN_RANGE_LOOP_ANALYSIS = YES;
				CLANG_WARN_STRICT_PROTOTYPES = YES;
				CLANG_WARN_SUSPICIOUS_MOVE = YES;
				CLANG_WARN_UNGUARDED_AVAILABILITY = YES_AGGRESSIVE;
				CLANG_WARN_UNREACHABLE_CODE = YES;
				CLANG_WARN__DUPLICATE_METHOD_MATCH = YES;
				COPY_PHASE_STRIP = NO;
				DEBUG_INFORMATION_FORMAT = "dwarf-with-dsym";
				ENABLE_NS_ASSERTIONS = NO;
				ENABLE_STRICT_OBJC_MSGSEND = YES;
				GCC_C_LANGUAGE_STANDARD = gnu11;
				GCC_NO_COMMON_BLOCKS = YES;
				GCC_WARN_64_TO_32_BIT_CONVERSION = YES;
				GCC_WARN_ABOUT_RETURN_TYPE = YES_ERROR;
				GCC_WARN_UNDECLARED_SELECTOR = YES;
				GCC_WARN_UNINITIALIZED_AUTOS = YES_AGGRESSIVE;
				GCC_WARN_UNUSED_FUNCTION = YES;
				GCC_WARN_UNUSED_VARIABLE = YES;
				IPHONEOS_DEPLOYMENT_TARGET = 13.2;
				MTL_ENABLE_DEBUG_INFO = NO;
				MTL_FAST_MATH = YES;
				SDKROOT = iphoneos;
				SWIFT_COMPILATION_MODE = wholemodule;
				SWIFT_OPTIMIZATION_LEVEL = "-O";
				VALIDATE_PRODUCT = YES;
			};
			name = Release;
		};
		63B96A162462267700A5CA69 /* Debug */ = {
			isa = XCBuildConfiguration;
			buildSettings = {
				ASSETCATALOG_COMPILER_APPICON_NAME = AppIcon;
				CODE_SIGN_STYLE = Automatic;
				DEVELOPMENT_TEAM = UL34HQ54BX;
				INFOPLIST_FILE = interviewtest/Info.plist;
				LD_RUNPATH_SEARCH_PATHS = (
					"$(inherited)",
					"@executable_path/Frameworks",
				);
				PRODUCT_BUNDLE_IDENTIFIER = terrybu.interviewtest;
				PRODUCT_NAME = "$(TARGET_NAME)";
				SWIFT_VERSION = 5.0;
				TARGETED_DEVICE_FAMILY = "1,2";
			};
			name = Debug;
		};
		63B96A172462267700A5CA69 /* Release */ = {
			isa = XCBuildConfiguration;
			buildSettings = {
				ASSETCATALOG_COMPILER_APPICON_NAME = AppIcon;
				CODE_SIGN_STYLE = Automatic;
				DEVELOPMENT_TEAM = UL34HQ54BX;
				INFOPLIST_FILE = interviewtest/Info.plist;
				LD_RUNPATH_SEARCH_PATHS = (
					"$(inherited)",
					"@executable_path/Frameworks",
				);
				PRODUCT_BUNDLE_IDENTIFIER = terrybu.interviewtest;
				PRODUCT_NAME = "$(TARGET_NAME)";
				SWIFT_VERSION = 5.0;
				TARGETED_DEVICE_FAMILY = "1,2";
			};
			name = Release;
		};
/* End XCBuildConfiguration section */

/* Begin XCConfigurationList section */
		63B969FC2462267100A5CA69 /* Build configuration list for PBXProject "interviewtest" */ = {
			isa = XCConfigurationList;
			buildConfigurations = (
				63B96A132462267700A5CA69 /* Debug */,
				63B96A142462267700A5CA69 /* Release */,
			);
			defaultConfigurationIsVisible = 0;
			defaultConfigurationName = Release;
		};
		63B96A152462267700A5CA69 /* Build configuration list for PBXNativeTarget "interviewtest" */ = {
			isa = XCConfigurationList;
			buildConfigurations = (
				63B96A162462267700A5CA69 /* Debug */,
				63B96A172462267700A5CA69 /* Release */,
			);
			defaultConfigurationIsVisible = 0;
			defaultConfigurationName = Release;
		};
/* End XCConfigurationList section */
	};
	rootObject = 63B969F92462267100A5CA69 /* Project object */;
}
